
Microsoft Visual Studio Solution File, Format Version 12.00
# Visual Studio Version 17
VisualStudioVersion = 17.6.33801.468
MinimumVisualStudioVersion = 10.0.40219.1
Project("{FAE04EC0-301F-11D3-BF4B-00C04F79EFBC}") = "Loja de Eletronicos", "Loja de Eletronicos\Loja de Eletronicos.csproj", "{D16EADC6-8B64-44E8-AC1E-D7A0016363CA}"
EndProject
Global
	GlobalSection(SolutionConfigurationPlatforms) = preSolution
		Debug|Any CPU = Debug|Any CPU
		Release|Any CPU = Release|Any CPU
	EndGlobalSection
	GlobalSection(ProjectConfigurationPlatforms) = postSolution
		{D16EADC6-8B64-44E8-AC1E-D7A0016363CA}.Debug|Any CPU.ActiveCfg = Debug|Any CPU
		{D16EADC6-8B64-44E8-AC1E-D7A0016363CA}.Debug|Any CPU.Build.0 = Debug|Any CPU
		{D16EADC6-8B64-44E8-AC1E-D7A0016363CA}.Release|Any CPU.ActiveCfg = Release|Any CPU
		{D16EADC6-8B64-44E8-AC1E-D7A0016363CA}.Release|Any CPU.Build.0 = Release|Any CPU
	EndGlobalSection
	GlobalSection(SolutionProperties) = preSolution
		HideSolutionNode = FALSE
	EndGlobalSection
	GlobalSection(ExtensibilityGlobals) = postSolution
		SolutionGuid = {3F1E0952-A5DF-42F5-A04D-59B3399A4ED4}
	EndGlobalSection
EndGlobal
